
Microsoft Visual Studio Solution File, Format Version 12.00
# Visual Studio 14
VisualStudioVersion = 14.0.25420.1
MinimumVisualStudioVersion = 10.0.40219.1
Project("{FAE04EC0-301F-11D3-BF4B-00C04F79EFBC}") = "SimpleValueConverter", "SimpleValueConverter\SimpleValueConverter\SimpleValueConverter.csproj", "{78544A15-2AD2-477D-943B-FF370E4FA045}"
EndProject
Project("{FAE04EC0-301F-11D3-BF4B-00C04F79EFBC}") = "SimpleValueConverter.Droid", "SimpleValueConverter\SimpleValueConverter.Droid\SimpleValueConverter.Droid.csproj", "{0F768875-B310-4B37-9863-CA925D23BE63}"
EndProject
Project("{FAE04EC0-301F-11D3-BF4B-00C04F79EFBC}") = "SimpleValueConverter.iOS", "SimpleValueConverter\SimpleValueConverter.iOS\SimpleValueConverter.iOS.csproj", "{08A0715A-9729-45DE-B3A7-4506173AB1F3}"
EndProject
Global
	GlobalSection(SolutionConfigurationPlatforms) = preSolution
		Ad-Hoc|Any CPU = Ad-Hoc|Any CPU
		Ad-Hoc|ARM = Ad-Hoc|ARM
		Ad-Hoc|iPhone = Ad-Hoc|iPhone
		Ad-Hoc|iPhoneSimulator = Ad-Hoc|iPhoneSimulator
		Ad-Hoc|x64 = Ad-Hoc|x64
		Ad-Hoc|x86 = Ad-Hoc|x86
		AppStore|Any CPU = AppStore|Any CPU
		AppStore|ARM = AppStore|ARM
		AppStore|iPhone = AppStore|iPhone
		AppStore|iPhoneSimulator = AppStore|iPhoneSimulator
		AppStore|x64 = AppStore|x64
		AppStore|x86 = AppStore|x86
		Debug|Any CPU = Debug|Any CPU
		Debug|ARM = Debug|ARM
		Debug|iPhone = Debug|iPhone
		Debug|iPhoneSimulator = Debug|iPhoneSimulator
		Debug|x64 = Debug|x64
		Debug|x86 = Debug|x86
		Release|Any CPU = Release|Any CPU
		Release|ARM = Release|ARM
		Release|iPhone = Release|iPhone
		Release|iPhoneSimulator = Release|iPhoneSimulator
		Release|x64 = Release|x64
		Release|x86 = Release|x86
	EndGlobalSection
	GlobalSection(ProjectConfigurationPlatforms) = postSolution
		{78544A15-2AD2-477D-943B-FF370E4FA045}.Ad-Hoc|Any CPU.ActiveCfg = Release|Any CPU
		{78544A15-2AD2-477D-943B-FF370E4FA045}.Ad-Hoc|Any CPU.Build.0 = Release|Any CPU
		{78544A15-2AD2-477D-943B-FF370E4FA045}.Ad-Hoc|ARM.ActiveCfg = Release|Any CPU
		{78544A15-2AD2-477D-943B-FF370E4FA045}.Ad-Hoc|ARM.Build.0 = Release|Any CPU
		{78544A15-2AD2-477D-943B-FF370E4FA045}.Ad-Hoc|iPhone.ActiveCfg = Release|Any CPU
		{78544A15-2AD2-477D-943B-FF370E4FA045}.Ad-Hoc|iPhone.Build.0 = Release|Any CPU
		{78544A15-2AD2-477D-943B-FF370E4FA045}.Ad-Hoc|iPhoneSimulator.ActiveCfg = Release|Any CPU
		{78544A15-2AD2-477D-943B-FF370E4FA045}.Ad-Hoc|iPhoneSimulator.Build.0 = Release|Any CPU
		{78544A15-2AD2-477D-943B-FF370E4FA045}.Ad-Hoc|x64.ActiveCfg = Release|Any CPU
		{78544A15-2AD2-477D-943B-FF370E4FA045}.Ad-Hoc|x64.Build.0 = Release|Any CPU
		{78544A15-2AD2-477D-943B-FF370E4FA045}.Ad-Hoc|x86.ActiveCfg = Release|Any CPU
		{78544A15-2AD2-477D-943B-FF370E4FA045}.Ad-Hoc|x86.Build.0 = Release|Any CPU
		{78544A15-2AD2-477D-943B-FF370E4FA045}.AppStore|Any CPU.ActiveCfg = Release|Any CPU
		{78544A15-2AD2-477D-943B-FF370E4FA045}.AppStore|Any CPU.Build.0 = Release|Any CPU
		{78544A15-2AD2-477D-943B-FF370E4FA045}.AppStore|ARM.ActiveCfg = Release|Any CPU
		{78544A15-2AD2-477D-943B-FF370E4FA045}.AppStore|ARM.Build.0 = Release|Any CPU
		{78544A15-2AD2-477D-943B-FF370E4FA045}.AppStore|iPhone.ActiveCfg = Release|Any CPU
		{78544A15-2AD2-477D-943B-FF370E4FA045}.AppStore|iPhone.Build.0 = Release|Any CPU
		{78544A15-2AD2-477D-943B-FF370E4FA045}.AppStore|iPhoneSimulator.ActiveCfg = Release|Any CPU
		{78544A15-2AD2-477D-943B-FF370E4FA045}.AppStore|iPhoneSimulator.Build.0 = Release|Any CPU
		{78544A15-2AD2-477D-943B-FF370E4FA045}.AppStore|x64.ActiveCfg = Release|Any CPU
		{78544A15-2AD2-477D-943B-FF370E4FA045}.AppStore|x64.Build.0 = Release|Any CPU
		{78544A15-2AD2-477D-943B-FF370E4FA045}.AppStore|x86.ActiveCfg = Release|Any CPU
		{78544A15-2AD2-477D-943B-FF370E4FA045}.AppStore|x86.Build.0 = Release|Any CPU
		{78544A15-2AD2-477D-943B-FF370E4FA045}.Debug|Any CPU.ActiveCfg = Debug|Any CPU
		{78544A15-2AD2-477D-943B-FF370E4FA045}.Debug|Any CPU.Build.0 = Debug|Any CPU
		{78544A15-2AD2-477D-943B-FF370E4FA045}.Debug|ARM.ActiveCfg = Debug|Any CPU
		{78544A15-2AD2-477D-943B-FF370E4FA045}.Debug|ARM.Build.0 = Debug|Any CPU
		{78544A15-2AD2-477D-943B-FF370E4FA045}.Debug|iPhone.ActiveCfg = Debug|Any CPU
		{78544A15-2AD2-477D-943B-FF370E4FA045}.Debug|iPhone.Build.0 = Debug|Any CPU
		{78544A15-2AD2-477D-943B-FF370E4FA045}.Debug|iPhoneSimulator.ActiveCfg = Debug|Any CPU
		{78544A15-2AD2-477D-943B-FF370E4FA045}.Debug|iPhoneSimulator.Build.0 = Debug|Any CPU
		{78544A15-2AD2-477D-943B-FF370E4FA045}.Debug|x64.ActiveCfg = Debug|Any CPU
		{78544A15-2AD2-477D-943B-FF370E4FA045}.Debug|x64.Build.0 = Debug|Any CPU
		{78544A15-2AD2-477D-943B-FF370E4FA045}.Debug|x86.ActiveCfg = Debug|Any CPU
		{78544A15-2AD2-477D-943B-FF370E4FA045}.Debug|x86.Build.0 = Debug|Any CPU
		{78544A15-2AD2-477D-943B-FF370E4FA045}.Release|Any CPU.ActiveCfg = Release|Any CPU
		{78544A15-2AD2-477D-943B-FF370E4FA045}.Release|Any CPU.Build.0 = Release|Any CPU
		{78544A15-2AD2-477D-943B-FF370E4FA045}.Release|ARM.ActiveCfg = Release|Any CPU
		{78544A15-2AD2-477D-943B-FF370E4FA045}.Release|ARM.Build.0 = Release|Any CPU
		{78544A15-2AD2-477D-943B-FF370E4FA045}.Release|iPhone.ActiveCfg = Release|Any CPU
		{78544A15-2AD2-477D-943B-FF370E4FA045}.Release|iPhone.Build.0 = Release|Any CPU
		{78544A15-2AD2-477D-943B-FF370E4FA045}.Release|iPhoneSimulator.ActiveCfg = Release|Any CPU
		{78544A15-2AD2-477D-943B-FF370E4FA045}.Release|iPhoneSimulator.Build.0 = Release|Any CPU
		{78544A15-2AD2-477D-943B-FF370E4FA045}.Release|x64.ActiveCfg = Release|Any CPU
		{78544A15-2AD2-477D-943B-FF370E4FA045}.Release|x64.Build.0 = Release|Any CPU
		{78544A15-2AD2-477D-943B-FF370E4FA045}.Release|x86.ActiveCfg = Release|Any CPU
		{78544A15-2AD2-477D-943B-FF370E4FA045}.Release|x86.Build.0 = Release|Any CPU
		{0F768875-B310-4B37-9863-CA925D23BE63}.Ad-Hoc|Any CPU.ActiveCfg = Release|Any CPU
		{0F768875-B310-4B37-9863-CA925D23BE63}.Ad-Hoc|Any CPU.Build.0 = Release|Any CPU
		{0F768875-B310-4B37-9863-CA925D23BE63}.Ad-Hoc|Any CPU.Deploy.0 = Release|Any CPU
		{0F768875-B310-4B37-9863-CA925D23BE63}.Ad-Hoc|ARM.ActiveCfg = Release|Any CPU
		{0F768875-B310-4B37-9863-CA925D23BE63}.Ad-Hoc|ARM.Build.0 = Release|Any CPU
		{0F768875-B310-4B37-9863-CA925D23BE63}.Ad-Hoc|ARM.Deploy.0 = Release|Any CPU
		{0F768875-B310-4B37-9863-CA925D23BE63}.Ad-Hoc|iPhone.ActiveCfg = Release|Any CPU
		{0F768875-B310-4B37-9863-CA925D23BE63}.Ad-Hoc|iPhone.Build.0 = Release|Any CPU
		{0F768875-B310-4B37-9863-CA925D23BE63}.Ad-Hoc|iPhone.Deploy.0 = Release|Any CPU
		{0F768875-B310-4B37-9863-CA925D23BE63}.Ad-Hoc|iPhoneSimulator.ActiveCfg = Release|Any CPU
		{0F768875-B310-4B37-9863-CA925D23BE63}.Ad-Hoc|iPhoneSimulator.Build.0 = Release|Any CPU
		{0F768875-B310-4B37-9863-CA925D23BE63}.Ad-Hoc|iPhoneSimulator.Deploy.0 = Release|Any CPU
		{0F768875-B310-4B37-9863-CA925D23BE63}.Ad-Hoc|x64.ActiveCfg = Release|Any CPU
		{0F768875-B310-4B37-9863-CA925D23BE63}.Ad-Hoc|x64.Build.0 = Release|Any CPU
		{0F768875-B310-4B37-9863-CA925D23BE63}.Ad-Hoc|x64.Deploy.0 = Release|Any CPU
		{0F768875-B310-4B37-9863-CA925D23BE63}.Ad-Hoc|x86.ActiveCfg = Release|Any CPU
		{0F768875-B310-4B37-9863-CA925D23BE63}.Ad-Hoc|x86.Build.0 = Release|Any CPU
		{0F768875-B310-4B37-9863-CA925D23BE63}.Ad-Hoc|x86.Deploy.0 = Release|Any CPU
		{0F768875-B310-4B37-9863-CA925D23BE63}.AppStore|Any CPU.ActiveCfg = Release|Any CPU
		{0F768875-B310-4B37-9863-CA925D23BE63}.AppStore|Any CPU.Build.0 = Release|Any CPU
		{0F768875-B310-4B37-9863-CA925D23BE63}.AppStore|Any CPU.Deploy.0 = Release|Any CPU
		{0F768875-B310-4B37-9863-CA925D23BE63}.AppStore|ARM.ActiveCfg = Release|Any CPU
		{0F768875-B310-4B37-9863-CA925D23BE63}.AppStore|ARM.Build.0 = Release|Any CPU
		{0F768875-B310-4B37-9863-CA925D23BE63}.AppStore|ARM.Deploy.0 = Release|Any CPU
		{0F768875-B310-4B37-9863-CA925D23BE63}.AppStore|iPhone.ActiveCfg = Release|Any CPU
		{0F768875-B310-4B37-9863-CA925D23BE63}.AppStore|iPhone.Build.0 = Release|Any CPU
		{0F768875-B310-4B37-9863-CA925D23BE63}.AppStore|iPhone.Deploy.0 = Release|Any CPU
		{0F768875-B310-4B37-9863-CA925D23BE63}.AppStore|iPhoneSimulator.ActiveCfg = Release|Any CPU
		{0F768875-B310-4B37-9863-CA925D23BE63}.AppStore|iPhoneSimulator.Build.0 = Release|Any CPU
		{0F768875-B310-4B37-9863-CA925D23BE63}.AppStore|iPhoneSimulator.Deploy.0 = Release|Any CPU
		{0F768875-B310-4B37-9863-CA925D23BE63}.AppStore|x64.ActiveCfg = Release|Any CPU
		{0F768875-B310-4B37-9863-CA925D23BE63}.AppStore|x64.Build.0 = Release|Any CPU
		{0F768875-B310-4B37-9863-CA925D23BE63}.AppStore|x64.Deploy.0 = Release|Any CPU
		{0F768875-B310-4B37-9863-CA925D23BE63}.AppStore|x86.ActiveCfg = Release|Any CPU
		{0F768875-B310-4B37-9863-CA925D23BE63}.AppStore|x86.Build.0 = Release|Any CPU
		{0F768875-B310-4B37-9863-CA925D23BE63}.AppStore|x86.Deploy.0 = Release|Any CPU
		{0F768875-B310-4B37-9863-CA925D23BE63}.Debug|Any CPU.ActiveCfg = Debug|Any CPU
		{0F768875-B310-4B37-9863-CA925D23BE63}.Debug|Any CPU.Build.0 = Debug|Any CPU
		{0F768875-B310-4B37-9863-CA925D23BE63}.Debug|Any CPU.Deploy.0 = Debug|Any CPU
		{0F768875-B310-4B37-9863-CA925D23BE63}.Debug|ARM.ActiveCfg = Debug|Any CPU
		{0F768875-B310-4B37-9863-CA925D23BE63}.Debug|ARM.Build.0 = Debug|Any CPU
		{0F768875-B310-4B37-9863-CA925D23BE63}.Debug|ARM.Deploy.0 = Debug|Any CPU
		{0F768875-B310-4B37-9863-CA925D23BE63}.Debug|iPhone.ActiveCfg = Debug|Any CPU
		{0F768875-B310-4B37-9863-CA925D23BE63}.Debug|iPhone.Build.0 = Debug|Any CPU
		{0F768875-B310-4B37-9863-CA925D23BE63}.Debug|iPhone.Deploy.0 = Debug|Any CPU
		{0F768875-B310-4B37-9863-CA925D23BE63}.Debug|iPhoneSimulator.ActiveCfg = Debug|Any CPU
		{0F768875-B310-4B37-9863-CA925D23BE63}.Debug|iPhoneSimulator.Build.0 = Debug|Any CPU
		{0F768875-B310-4B37-9863-CA925D23BE63}.Debug|iPhoneSimulator.Deploy.0 = Debug|Any CPU
		{0F768875-B310-4B37-9863-CA925D23BE63}.Debug|x64.ActiveCfg = Debug|Any CPU
		{0F768875-B310-4B37-9863-CA925D23BE63}.Debug|x64.Build.0 = Debug|Any CPU
		{0F768875-B310-4B37-9863-CA925D23BE63}.Debug|x64.Deploy.0 = Debug|Any CPU
		{0F768875-B310-4B37-9863-CA925D23BE63}.Debug|x86.ActiveCfg = Debug|Any CPU
		{0F768875-B310-4B37-9863-CA925D23BE63}.Debug|x86.Build.0 = Debug|Any CPU
		{0F768875-B310-4B37-9863-CA925D23BE63}.Debug|x86.Deploy.0 = Debug|Any CPU
		{0F768875-B310-4B37-9863-CA925D23BE63}.Release|Any CPU.ActiveCfg = Release|Any CPU
		{0F768875-B310-4B37-9863-CA925D23BE63}.Release|Any CPU.Build.0 = Release|Any CPU
		{0F768875-B310-4B37-9863-CA925D23BE63}.Release|Any CPU.Deploy.0 = Release|Any CPU
		{0F768875-B310-4B37-9863-CA925D23BE63}.Release|ARM.ActiveCfg = Release|Any CPU
		{0F768875-B310-4B37-9863-CA925D23BE63}.Release|ARM.Build.0 = Release|Any CPU
		{0F768875-B310-4B37-9863-CA925D23BE63}.Release|ARM.Deploy.0 = Release|Any CPU
		{0F768875-B310-4B37-9863-CA925D23BE63}.Release|iPhone.ActiveCfg = Release|Any CPU
		{0F768875-B310-4B37-9863-CA925D23BE63}.Release|iPhone.Build.0 = Release|Any CPU
		{0F768875-B310-4B37-9863-CA925D23BE63}.Release|iPhone.Deploy.0 = Release|Any CPU
		{0F768875-B310-4B37-9863-CA925D23BE63}.Release|iPhoneSimulator.ActiveCfg = Release|Any CPU
		{0F768875-B310-4B37-9863-CA925D23BE63}.Release|iPhoneSimulator.Build.0 = Release|Any CPU
		{0F768875-B310-4B37-9863-CA925D23BE63}.Release|iPhoneSimulator.Deploy.0 = Release|Any CPU
		{0F768875-B310-4B37-9863-CA925D23BE63}.Release|x64.ActiveCfg = Release|Any CPU
		{0F768875-B310-4B37-9863-CA925D23BE63}.Release|x64.Build.0 = Release|Any CPU
		{0F768875-B310-4B37-9863-CA925D23BE63}.Release|x64.Deploy.0 = Release|Any CPU
		{0F768875-B310-4B37-9863-CA925D23BE63}.Release|x86.ActiveCfg = Release|Any CPU
		{0F768875-B310-4B37-9863-CA925D23BE63}.Release|x86.Build.0 = Release|Any CPU
		{0F768875-B310-4B37-9863-CA925D23BE63}.Release|x86.Deploy.0 = Release|Any CPU
		{08A0715A-9729-45DE-B3A7-4506173AB1F3}.Ad-Hoc|Any CPU.ActiveCfg = Ad-Hoc|iPhone
		{08A0715A-9729-45DE-B3A7-4506173AB1F3}.Ad-Hoc|ARM.ActiveCfg = Ad-Hoc|iPhone
		{08A0715A-9729-45DE-B3A7-4506173AB1F3}.Ad-Hoc|iPhone.ActiveCfg = Ad-Hoc|iPhone
		{08A0715A-9729-45DE-B3A7-4506173AB1F3}.Ad-Hoc|iPhone.Build.0 = Ad-Hoc|iPhone
		{08A0715A-9729-45DE-B3A7-4506173AB1F3}.Ad-Hoc|iPhoneSimulator.ActiveCfg = Ad-Hoc|iPhoneSimulator
		{08A0715A-9729-45DE-B3A7-4506173AB1F3}.Ad-Hoc|iPhoneSimulator.Build.0 = Ad-Hoc|iPhoneSimulator
		{08A0715A-9729-45DE-B3A7-4506173AB1F3}.Ad-Hoc|x64.ActiveCfg = Ad-Hoc|iPhone
		{08A0715A-9729-45DE-B3A7-4506173AB1F3}.Ad-Hoc|x86.ActiveCfg = Ad-Hoc|iPhone
		{08A0715A-9729-45DE-B3A7-4506173AB1F3}.AppStore|Any CPU.ActiveCfg = AppStore|iPhone
		{08A0715A-9729-45DE-B3A7-4506173AB1F3}.AppStore|ARM.ActiveCfg = AppStore|iPhone
		{08A0715A-9729-45DE-B3A7-4506173AB1F3}.AppStore|iPhone.ActiveCfg = AppStore|iPhone
		{08A0715A-9729-45DE-B3A7-4506173AB1F3}.AppStore|iPhone.Build.0 = AppStore|iPhone
		{08A0715A-9729-45DE-B3A7-4506173AB1F3}.AppStore|iPhoneSimulator.ActiveCfg = AppStore|iPhoneSimulator
		{08A0715A-9729-45DE-B3A7-4506173AB1F3}.AppStore|iPhoneSimulator.Build.0 = AppStore|iPhoneSimulator
		{08A0715A-9729-45DE-B3A7-4506173AB1F3}.AppStore|x64.ActiveCfg = AppStore|iPhone
		{08A0715A-9729-45DE-B3A7-4506173AB1F3}.AppStore|x86.ActiveCfg = AppStore|iPhone
		{08A0715A-9729-45DE-B3A7-4506173AB1F3}.Debug|Any CPU.ActiveCfg = Debug|iPhone
		{08A0715A-9729-45DE-B3A7-4506173AB1F3}.Debug|ARM.ActiveCfg = Debug|iPhone
		{08A0715A-9729-45DE-B3A7-4506173AB1F3}.Debug|iPhone.ActiveCfg = Debug|iPhone
		{08A0715A-9729-45DE-B3A7-4506173AB1F3}.Debug|iPhone.Build.0 = Debug|iPhone
		{08A0715A-9729-45DE-B3A7-4506173AB1F3}.Debug|iPhoneSimulator.ActiveCfg = Debug|iPhoneSimulator
		{08A0715A-9729-45DE-B3A7-4506173AB1F3}.Debug|iPhoneSimulator.Build.0 = Debug|iPhoneSimulator
		{08A0715A-9729-45DE-B3A7-4506173AB1F3}.Debug|x64.ActiveCfg = Debug|iPhone
		{08A0715A-9729-45DE-B3A7-4506173AB1F3}.Debug|x86.ActiveCfg = Debug|iPhone
		{08A0715A-9729-45DE-B3A7-4506173AB1F3}.Release|Any CPU.ActiveCfg = Release|iPhone
		{08A0715A-9729-45DE-B3A7-4506173AB1F3}.Release|ARM.ActiveCfg = Release|iPhone
		{08A0715A-9729-45DE-B3A7-4506173AB1F3}.Release|iPhone.ActiveCfg = Release|iPhone
		{08A0715A-9729-45DE-B3A7-4506173AB1F3}.Release|iPhone.Build.0 = Release|iPhone
		{08A0715A-9729-45DE-B3A7-4506173AB1F3}.Release|iPhoneSimulator.ActiveCfg = Release|iPhoneSimulator
		{08A0715A-9729-45DE-B3A7-4506173AB1F3}.Release|iPhoneSimulator.Build.0 = Release|iPhoneSimulator
		{08A0715A-9729-45DE-B3A7-4506173AB1F3}.Release|x64.ActiveCfg = Release|iPhone
		{08A0715A-9729-45DE-B3A7-4506173AB1F3}.Release|x86.ActiveCfg = Release|iPhone
	EndGlobalSection
	GlobalSection(SolutionProperties) = preSolution
		HideSolutionNode = FALSE
	EndGlobalSection
EndGlobal
