
Microsoft Visual Studio Solution File, Format Version 12.00
# Visual Studio 14
VisualStudioVersion = 14.0.25420.1
MinimumVisualStudioVersion = 10.0.40219.1
Project("{FAE04EC0-301F-11D3-BF4B-00C04F79EFBC}") = "MVVM_Opgave_2.Droid", "MVVM Opgave 2\MVVM_Opgave_2.Droid\MVVM_Opgave_2.Droid.csproj", "{43752985-A01B-42BC-8146-D0F2987C79BD}"
EndProject
Project("{FAE04EC0-301F-11D3-BF4B-00C04F79EFBC}") = "MVVM_Opgave_2.iOS", "MVVM Opgave 2\MVVM_Opgave_2.iOS\MVVM_Opgave_2.iOS.csproj", "{B5F7413A-19F4-4471-92CE-38E62F64C72C}"
EndProject
Project("{FAE04EC0-301F-11D3-BF4B-00C04F79EFBC}") = "MVVM_Opgave_2", "MVVM Opgave 2\MVVM_Opgave_2\MVVM_Opgave_2.csproj", "{D285DFD1-4FEC-4D12-929F-5DFDA2B29278}"
EndProject
Global
	GlobalSection(SolutionConfigurationPlatforms) = preSolution
		Ad-Hoc|Any CPU = Ad-Hoc|Any CPU
		Ad-Hoc|iPhone = Ad-Hoc|iPhone
		Ad-Hoc|iPhoneSimulator = Ad-Hoc|iPhoneSimulator
		AppStore|Any CPU = AppStore|Any CPU
		AppStore|iPhone = AppStore|iPhone
		AppStore|iPhoneSimulator = AppStore|iPhoneSimulator
		Debug|Any CPU = Debug|Any CPU
		Debug|iPhone = Debug|iPhone
		Debug|iPhoneSimulator = Debug|iPhoneSimulator
		Release|Any CPU = Release|Any CPU
		Release|iPhone = Release|iPhone
		Release|iPhoneSimulator = Release|iPhoneSimulator
	EndGlobalSection
	GlobalSection(ProjectConfigurationPlatforms) = postSolution
		{43752985-A01B-42BC-8146-D0F2987C79BD}.Ad-Hoc|Any CPU.ActiveCfg = Release|Any CPU
		{43752985-A01B-42BC-8146-D0F2987C79BD}.Ad-Hoc|Any CPU.Build.0 = Release|Any CPU
		{43752985-A01B-42BC-8146-D0F2987C79BD}.Ad-Hoc|Any CPU.Deploy.0 = Release|Any CPU
		{43752985-A01B-42BC-8146-D0F2987C79BD}.Ad-Hoc|iPhone.ActiveCfg = Release|Any CPU
		{43752985-A01B-42BC-8146-D0F2987C79BD}.Ad-Hoc|iPhone.Build.0 = Release|Any CPU
		{43752985-A01B-42BC-8146-D0F2987C79BD}.Ad-Hoc|iPhone.Deploy.0 = Release|Any CPU
		{43752985-A01B-42BC-8146-D0F2987C79BD}.Ad-Hoc|iPhoneSimulator.ActiveCfg = Release|Any CPU
		{43752985-A01B-42BC-8146-D0F2987C79BD}.Ad-Hoc|iPhoneSimulator.Build.0 = Release|Any CPU
		{43752985-A01B-42BC-8146-D0F2987C79BD}.Ad-Hoc|iPhoneSimulator.Deploy.0 = Release|Any CPU
		{43752985-A01B-42BC-8146-D0F2987C79BD}.AppStore|Any CPU.ActiveCfg = Release|Any CPU
		{43752985-A01B-42BC-8146-D0F2987C79BD}.AppStore|Any CPU.Build.0 = Release|Any CPU
		{43752985-A01B-42BC-8146-D0F2987C79BD}.AppStore|Any CPU.Deploy.0 = Release|Any CPU
		{43752985-A01B-42BC-8146-D0F2987C79BD}.AppStore|iPhone.ActiveCfg = Release|Any CPU
		{43752985-A01B-42BC-8146-D0F2987C79BD}.AppStore|iPhone.Build.0 = Release|Any CPU
		{43752985-A01B-42BC-8146-D0F2987C79BD}.AppStore|iPhone.Deploy.0 = Release|Any CPU
		{43752985-A01B-42BC-8146-D0F2987C79BD}.AppStore|iPhoneSimulator.ActiveCfg = Release|Any CPU
		{43752985-A01B-42BC-8146-D0F2987C79BD}.AppStore|iPhoneSimulator.Build.0 = Release|Any CPU
		{43752985-A01B-42BC-8146-D0F2987C79BD}.AppStore|iPhoneSimulator.Deploy.0 = Release|Any CPU
		{43752985-A01B-42BC-8146-D0F2987C79BD}.Debug|Any CPU.ActiveCfg = Debug|Any CPU
		{43752985-A01B-42BC-8146-D0F2987C79BD}.Debug|Any CPU.Build.0 = Debug|Any CPU
		{43752985-A01B-42BC-8146-D0F2987C79BD}.Debug|Any CPU.Deploy.0 = Debug|Any CPU
		{43752985-A01B-42BC-8146-D0F2987C79BD}.Debug|iPhone.ActiveCfg = Debug|Any CPU
		{43752985-A01B-42BC-8146-D0F2987C79BD}.Debug|iPhone.Build.0 = Debug|Any CPU
		{43752985-A01B-42BC-8146-D0F2987C79BD}.Debug|iPhone.Deploy.0 = Debug|Any CPU
		{43752985-A01B-42BC-8146-D0F2987C79BD}.Debug|iPhoneSimulator.ActiveCfg = Debug|Any CPU
		{43752985-A01B-42BC-8146-D0F2987C79BD}.Debug|iPhoneSimulator.Build.0 = Debug|Any CPU
		{43752985-A01B-42BC-8146-D0F2987C79BD}.Debug|iPhoneSimulator.Deploy.0 = Debug|Any CPU
		{43752985-A01B-42BC-8146-D0F2987C79BD}.Release|Any CPU.ActiveCfg = Release|Any CPU
		{43752985-A01B-42BC-8146-D0F2987C79BD}.Release|Any CPU.Build.0 = Release|Any CPU
		{43752985-A01B-42BC-8146-D0F2987C79BD}.Release|Any CPU.Deploy.0 = Release|Any CPU
		{43752985-A01B-42BC-8146-D0F2987C79BD}.Release|iPhone.ActiveCfg = Release|Any CPU
		{43752985-A01B-42BC-8146-D0F2987C79BD}.Release|iPhone.Build.0 = Release|Any CPU
		{43752985-A01B-42BC-8146-D0F2987C79BD}.Release|iPhone.Deploy.0 = Release|Any CPU
		{43752985-A01B-42BC-8146-D0F2987C79BD}.Release|iPhoneSimulator.ActiveCfg = Release|Any CPU
		{43752985-A01B-42BC-8146-D0F2987C79BD}.Release|iPhoneSimulator.Build.0 = Release|Any CPU
		{43752985-A01B-42BC-8146-D0F2987C79BD}.Release|iPhoneSimulator.Deploy.0 = Release|Any CPU
		{B5F7413A-19F4-4471-92CE-38E62F64C72C}.Ad-Hoc|Any CPU.ActiveCfg = Ad-Hoc|iPhone
		{B5F7413A-19F4-4471-92CE-38E62F64C72C}.Ad-Hoc|iPhone.ActiveCfg = Ad-Hoc|iPhone
		{B5F7413A-19F4-4471-92CE-38E62F64C72C}.Ad-Hoc|iPhone.Build.0 = Ad-Hoc|iPhone
		{B5F7413A-19F4-4471-92CE-38E62F64C72C}.Ad-Hoc|iPhoneSimulator.ActiveCfg = Ad-Hoc|iPhoneSimulator
		{B5F7413A-19F4-4471-92CE-38E62F64C72C}.Ad-Hoc|iPhoneSimulator.Build.0 = Ad-Hoc|iPhoneSimulator
		{B5F7413A-19F4-4471-92CE-38E62F64C72C}.AppStore|Any CPU.ActiveCfg = AppStore|iPhone
		{B5F7413A-19F4-4471-92CE-38E62F64C72C}.AppStore|iPhone.ActiveCfg = AppStore|iPhone
		{B5F7413A-19F4-4471-92CE-38E62F64C72C}.AppStore|iPhone.Build.0 = AppStore|iPhone
		{B5F7413A-19F4-4471-92CE-38E62F64C72C}.AppStore|iPhoneSimulator.ActiveCfg = AppStore|iPhoneSimulator
		{B5F7413A-19F4-4471-92CE-38E62F64C72C}.AppStore|iPhoneSimulator.Build.0 = AppStore|iPhoneSimulator
		{B5F7413A-19F4-4471-92CE-38E62F64C72C}.Debug|Any CPU.ActiveCfg = Debug|iPhone
		{B5F7413A-19F4-4471-92CE-38E62F64C72C}.Debug|iPhone.ActiveCfg = Debug|iPhone
		{B5F7413A-19F4-4471-92CE-38E62F64C72C}.Debug|iPhone.Build.0 = Debug|iPhone
		{B5F7413A-19F4-4471-92CE-38E62F64C72C}.Debug|iPhoneSimulator.ActiveCfg = Debug|iPhoneSimulator
		{B5F7413A-19F4-4471-92CE-38E62F64C72C}.Debug|iPhoneSimulator.Build.0 = Debug|iPhoneSimulator
		{B5F7413A-19F4-4471-92CE-38E62F64C72C}.Release|Any CPU.ActiveCfg = Release|iPhone
		{B5F7413A-19F4-4471-92CE-38E62F64C72C}.Release|iPhone.ActiveCfg = Release|iPhone
		{B5F7413A-19F4-4471-92CE-38E62F64C72C}.Release|iPhone.Build.0 = Release|iPhone
		{B5F7413A-19F4-4471-92CE-38E62F64C72C}.Release|iPhoneSimulator.ActiveCfg = Release|iPhoneSimulator
		{B5F7413A-19F4-4471-92CE-38E62F64C72C}.Release|iPhoneSimulator.Build.0 = Release|iPhoneSimulator
		{D285DFD1-4FEC-4D12-929F-5DFDA2B29278}.Ad-Hoc|Any CPU.ActiveCfg = Release|Any CPU
		{D285DFD1-4FEC-4D12-929F-5DFDA2B29278}.Ad-Hoc|Any CPU.Build.0 = Release|Any CPU
		{D285DFD1-4FEC-4D12-929F-5DFDA2B29278}.Ad-Hoc|iPhone.ActiveCfg = Release|Any CPU
		{D285DFD1-4FEC-4D12-929F-5DFDA2B29278}.Ad-Hoc|iPhone.Build.0 = Release|Any CPU
		{D285DFD1-4FEC-4D12-929F-5DFDA2B29278}.Ad-Hoc|iPhoneSimulator.ActiveCfg = Release|Any CPU
		{D285DFD1-4FEC-4D12-929F-5DFDA2B29278}.Ad-Hoc|iPhoneSimulator.Build.0 = Release|Any CPU
		{D285DFD1-4FEC-4D12-929F-5DFDA2B29278}.AppStore|Any CPU.ActiveCfg = Release|Any CPU
		{D285DFD1-4FEC-4D12-929F-5DFDA2B29278}.AppStore|Any CPU.Build.0 = Release|Any CPU
		{D285DFD1-4FEC-4D12-929F-5DFDA2B29278}.AppStore|iPhone.ActiveCfg = Release|Any CPU
		{D285DFD1-4FEC-4D12-929F-5DFDA2B29278}.AppStore|iPhone.Build.0 = Release|Any CPU
		{D285DFD1-4FEC-4D12-929F-5DFDA2B29278}.AppStore|iPhoneSimulator.ActiveCfg = Release|Any CPU
		{D285DFD1-4FEC-4D12-929F-5DFDA2B29278}.AppStore|iPhoneSimulator.Build.0 = Release|Any CPU
		{D285DFD1-4FEC-4D12-929F-5DFDA2B29278}.Debug|Any CPU.ActiveCfg = Debug|Any CPU
		{D285DFD1-4FEC-4D12-929F-5DFDA2B29278}.Debug|Any CPU.Build.0 = Debug|Any CPU
		{D285DFD1-4FEC-4D12-929F-5DFDA2B29278}.Debug|iPhone.ActiveCfg = Debug|Any CPU
		{D285DFD1-4FEC-4D12-929F-5DFDA2B29278}.Debug|iPhone.Build.0 = Debug|Any CPU
		{D285DFD1-4FEC-4D12-929F-5DFDA2B29278}.Debug|iPhoneSimulator.ActiveCfg = Debug|Any CPU
		{D285DFD1-4FEC-4D12-929F-5DFDA2B29278}.Debug|iPhoneSimulator.Build.0 = Debug|Any CPU
		{D285DFD1-4FEC-4D12-929F-5DFDA2B29278}.Release|Any CPU.ActiveCfg = Release|Any CPU
		{D285DFD1-4FEC-4D12-929F-5DFDA2B29278}.Release|Any CPU.Build.0 = Release|Any CPU
		{D285DFD1-4FEC-4D12-929F-5DFDA2B29278}.Release|iPhone.ActiveCfg = Release|Any CPU
		{D285DFD1-4FEC-4D12-929F-5DFDA2B29278}.Release|iPhone.Build.0 = Release|Any CPU
		{D285DFD1-4FEC-4D12-929F-5DFDA2B29278}.Release|iPhoneSimulator.ActiveCfg = Release|Any CPU
		{D285DFD1-4FEC-4D12-929F-5DFDA2B29278}.Release|iPhoneSimulator.Build.0 = Release|Any CPU
	EndGlobalSection
	GlobalSection(SolutionProperties) = preSolution
		HideSolutionNode = FALSE
	EndGlobalSection
EndGlobal
