
Microsoft Visual Studio Solution File, Format Version 12.00
# Visual Studio 14
VisualStudioVersion = 14.0.25420.1
MinimumVisualStudioVersion = 10.0.40219.1
Project("{FAE04EC0-301F-11D3-BF4B-00C04F79EFBC}") = "TappePageTest", "TappePageTest\TappePageTest\TappePageTest.csproj", "{EFA6CA86-3940-4C22-956F-081B82E3C802}"
EndProject
Project("{FAE04EC0-301F-11D3-BF4B-00C04F79EFBC}") = "TappePageTest.Droid", "TappePageTest\TappePageTest.Droid\TappePageTest.Droid.csproj", "{4CD194C3-E2C5-401B-975A-735381A1B1C3}"
EndProject
Project("{FAE04EC0-301F-11D3-BF4B-00C04F79EFBC}") = "TappePageTest.iOS", "TappePageTest\TappePageTest.iOS\TappePageTest.iOS.csproj", "{274D52B8-5FF4-4E55-8806-0D6CE16B9541}"
EndProject
Project("{FAE04EC0-301F-11D3-BF4B-00C04F79EFBC}") = "TappePageTest.WinPhone", "TappePageTest\TappePageTest.WinPhone\TappePageTest.WinPhone.csproj", "{61B24CBF-C3A1-44C6-98D8-6BB335307B04}"
EndProject
Project("{FAE04EC0-301F-11D3-BF4B-00C04F79EFBC}") = "TappePageTest.Windows", "TappePageTest\TappePageTest.Windows\TappePageTest.Windows.csproj", "{925FDE76-2145-4A95-993F-ED34AB78DE3B}"
EndProject
Global
	GlobalSection(SolutionConfigurationPlatforms) = preSolution
		Ad-Hoc|Any CPU = Ad-Hoc|Any CPU
		Ad-Hoc|ARM = Ad-Hoc|ARM
		Ad-Hoc|iPhone = Ad-Hoc|iPhone
		Ad-Hoc|iPhoneSimulator = Ad-Hoc|iPhoneSimulator
		Ad-Hoc|x64 = Ad-Hoc|x64
		Ad-Hoc|x86 = Ad-Hoc|x86
		AppStore|Any CPU = AppStore|Any CPU
		AppStore|ARM = AppStore|ARM
		AppStore|iPhone = AppStore|iPhone
		AppStore|iPhoneSimulator = AppStore|iPhoneSimulator
		AppStore|x64 = AppStore|x64
		AppStore|x86 = AppStore|x86
		Debug|Any CPU = Debug|Any CPU
		Debug|ARM = Debug|ARM
		Debug|iPhone = Debug|iPhone
		Debug|iPhoneSimulator = Debug|iPhoneSimulator
		Debug|x64 = Debug|x64
		Debug|x86 = Debug|x86
		Release|Any CPU = Release|Any CPU
		Release|ARM = Release|ARM
		Release|iPhone = Release|iPhone
		Release|iPhoneSimulator = Release|iPhoneSimulator
		Release|x64 = Release|x64
		Release|x86 = Release|x86
	EndGlobalSection
	GlobalSection(ProjectConfigurationPlatforms) = postSolution
		{EFA6CA86-3940-4C22-956F-081B82E3C802}.Ad-Hoc|Any CPU.ActiveCfg = Release|Any CPU
		{EFA6CA86-3940-4C22-956F-081B82E3C802}.Ad-Hoc|Any CPU.Build.0 = Release|Any CPU
		{EFA6CA86-3940-4C22-956F-081B82E3C802}.Ad-Hoc|ARM.ActiveCfg = Release|Any CPU
		{EFA6CA86-3940-4C22-956F-081B82E3C802}.Ad-Hoc|ARM.Build.0 = Release|Any CPU
		{EFA6CA86-3940-4C22-956F-081B82E3C802}.Ad-Hoc|iPhone.ActiveCfg = Release|Any CPU
		{EFA6CA86-3940-4C22-956F-081B82E3C802}.Ad-Hoc|iPhone.Build.0 = Release|Any CPU
		{EFA6CA86-3940-4C22-956F-081B82E3C802}.Ad-Hoc|iPhoneSimulator.ActiveCfg = Release|Any CPU
		{EFA6CA86-3940-4C22-956F-081B82E3C802}.Ad-Hoc|iPhoneSimulator.Build.0 = Release|Any CPU
		{EFA6CA86-3940-4C22-956F-081B82E3C802}.Ad-Hoc|x64.ActiveCfg = Release|Any CPU
		{EFA6CA86-3940-4C22-956F-081B82E3C802}.Ad-Hoc|x64.Build.0 = Release|Any CPU
		{EFA6CA86-3940-4C22-956F-081B82E3C802}.Ad-Hoc|x86.ActiveCfg = Release|Any CPU
		{EFA6CA86-3940-4C22-956F-081B82E3C802}.Ad-Hoc|x86.Build.0 = Release|Any CPU
		{EFA6CA86-3940-4C22-956F-081B82E3C802}.AppStore|Any CPU.ActiveCfg = Release|Any CPU
		{EFA6CA86-3940-4C22-956F-081B82E3C802}.AppStore|Any CPU.Build.0 = Release|Any CPU
		{EFA6CA86-3940-4C22-956F-081B82E3C802}.AppStore|ARM.ActiveCfg = Release|Any CPU
		{EFA6CA86-3940-4C22-956F-081B82E3C802}.AppStore|ARM.Build.0 = Release|Any CPU
		{EFA6CA86-3940-4C22-956F-081B82E3C802}.AppStore|iPhone.ActiveCfg = Release|Any CPU
		{EFA6CA86-3940-4C22-956F-081B82E3C802}.AppStore|iPhone.Build.0 = Release|Any CPU
		{EFA6CA86-3940-4C22-956F-081B82E3C802}.AppStore|iPhoneSimulator.ActiveCfg = Release|Any CPU
		{EFA6CA86-3940-4C22-956F-081B82E3C802}.AppStore|iPhoneSimulator.Build.0 = Release|Any CPU
		{EFA6CA86-3940-4C22-956F-081B82E3C802}.AppStore|x64.ActiveCfg = Release|Any CPU
		{EFA6CA86-3940-4C22-956F-081B82E3C802}.AppStore|x64.Build.0 = Release|Any CPU
		{EFA6CA86-3940-4C22-956F-081B82E3C802}.AppStore|x86.ActiveCfg = Release|Any CPU
		{EFA6CA86-3940-4C22-956F-081B82E3C802}.AppStore|x86.Build.0 = Release|Any CPU
		{EFA6CA86-3940-4C22-956F-081B82E3C802}.Debug|Any CPU.ActiveCfg = Debug|Any CPU
		{EFA6CA86-3940-4C22-956F-081B82E3C802}.Debug|Any CPU.Build.0 = Debug|Any CPU
		{EFA6CA86-3940-4C22-956F-081B82E3C802}.Debug|ARM.ActiveCfg = Debug|Any CPU
		{EFA6CA86-3940-4C22-956F-081B82E3C802}.Debug|ARM.Build.0 = Debug|Any CPU
		{EFA6CA86-3940-4C22-956F-081B82E3C802}.Debug|iPhone.ActiveCfg = Debug|Any CPU
		{EFA6CA86-3940-4C22-956F-081B82E3C802}.Debug|iPhone.Build.0 = Debug|Any CPU
		{EFA6CA86-3940-4C22-956F-081B82E3C802}.Debug|iPhoneSimulator.ActiveCfg = Debug|Any CPU
		{EFA6CA86-3940-4C22-956F-081B82E3C802}.Debug|iPhoneSimulator.Build.0 = Debug|Any CPU
		{EFA6CA86-3940-4C22-956F-081B82E3C802}.Debug|x64.ActiveCfg = Debug|Any CPU
		{EFA6CA86-3940-4C22-956F-081B82E3C802}.Debug|x64.Build.0 = Debug|Any CPU
		{EFA6CA86-3940-4C22-956F-081B82E3C802}.Debug|x86.ActiveCfg = Debug|Any CPU
		{EFA6CA86-3940-4C22-956F-081B82E3C802}.Debug|x86.Build.0 = Debug|Any CPU
		{EFA6CA86-3940-4C22-956F-081B82E3C802}.Release|Any CPU.ActiveCfg = Release|Any CPU
		{EFA6CA86-3940-4C22-956F-081B82E3C802}.Release|Any CPU.Build.0 = Release|Any CPU
		{EFA6CA86-3940-4C22-956F-081B82E3C802}.Release|ARM.ActiveCfg = Release|Any CPU
		{EFA6CA86-3940-4C22-956F-081B82E3C802}.Release|ARM.Build.0 = Release|Any CPU
		{EFA6CA86-3940-4C22-956F-081B82E3C802}.Release|iPhone.ActiveCfg = Release|Any CPU
		{EFA6CA86-3940-4C22-956F-081B82E3C802}.Release|iPhone.Build.0 = Release|Any CPU
		{EFA6CA86-3940-4C22-956F-081B82E3C802}.Release|iPhoneSimulator.ActiveCfg = Release|Any CPU
		{EFA6CA86-3940-4C22-956F-081B82E3C802}.Release|iPhoneSimulator.Build.0 = Release|Any CPU
		{EFA6CA86-3940-4C22-956F-081B82E3C802}.Release|x64.ActiveCfg = Release|Any CPU
		{EFA6CA86-3940-4C22-956F-081B82E3C802}.Release|x64.Build.0 = Release|Any CPU
		{EFA6CA86-3940-4C22-956F-081B82E3C802}.Release|x86.ActiveCfg = Release|Any CPU
		{EFA6CA86-3940-4C22-956F-081B82E3C802}.Release|x86.Build.0 = Release|Any CPU
		{4CD194C3-E2C5-401B-975A-735381A1B1C3}.Ad-Hoc|Any CPU.ActiveCfg = Release|Any CPU
		{4CD194C3-E2C5-401B-975A-735381A1B1C3}.Ad-Hoc|Any CPU.Build.0 = Release|Any CPU
		{4CD194C3-E2C5-401B-975A-735381A1B1C3}.Ad-Hoc|Any CPU.Deploy.0 = Release|Any CPU
		{4CD194C3-E2C5-401B-975A-735381A1B1C3}.Ad-Hoc|ARM.ActiveCfg = Release|Any CPU
		{4CD194C3-E2C5-401B-975A-735381A1B1C3}.Ad-Hoc|ARM.Build.0 = Release|Any CPU
		{4CD194C3-E2C5-401B-975A-735381A1B1C3}.Ad-Hoc|ARM.Deploy.0 = Release|Any CPU
		{4CD194C3-E2C5-401B-975A-735381A1B1C3}.Ad-Hoc|iPhone.ActiveCfg = Release|Any CPU
		{4CD194C3-E2C5-401B-975A-735381A1B1C3}.Ad-Hoc|iPhone.Build.0 = Release|Any CPU
		{4CD194C3-E2C5-401B-975A-735381A1B1C3}.Ad-Hoc|iPhone.Deploy.0 = Release|Any CPU
		{4CD194C3-E2C5-401B-975A-735381A1B1C3}.Ad-Hoc|iPhoneSimulator.ActiveCfg = Release|Any CPU
		{4CD194C3-E2C5-401B-975A-735381A1B1C3}.Ad-Hoc|iPhoneSimulator.Build.0 = Release|Any CPU
		{4CD194C3-E2C5-401B-975A-735381A1B1C3}.Ad-Hoc|iPhoneSimulator.Deploy.0 = Release|Any CPU
		{4CD194C3-E2C5-401B-975A-735381A1B1C3}.Ad-Hoc|x64.ActiveCfg = Release|Any CPU
		{4CD194C3-E2C5-401B-975A-735381A1B1C3}.Ad-Hoc|x64.Build.0 = Release|Any CPU
		{4CD194C3-E2C5-401B-975A-735381A1B1C3}.Ad-Hoc|x64.Deploy.0 = Release|Any CPU
		{4CD194C3-E2C5-401B-975A-735381A1B1C3}.Ad-Hoc|x86.ActiveCfg = Release|Any CPU
		{4CD194C3-E2C5-401B-975A-735381A1B1C3}.Ad-Hoc|x86.Build.0 = Release|Any CPU
		{4CD194C3-E2C5-401B-975A-735381A1B1C3}.Ad-Hoc|x86.Deploy.0 = Release|Any CPU
		{4CD194C3-E2C5-401B-975A-735381A1B1C3}.AppStore|Any CPU.ActiveCfg = Release|Any CPU
		{4CD194C3-E2C5-401B-975A-735381A1B1C3}.AppStore|Any CPU.Build.0 = Release|Any CPU
		{4CD194C3-E2C5-401B-975A-735381A1B1C3}.AppStore|Any CPU.Deploy.0 = Release|Any CPU
		{4CD194C3-E2C5-401B-975A-735381A1B1C3}.AppStore|ARM.ActiveCfg = Release|Any CPU
		{4CD194C3-E2C5-401B-975A-735381A1B1C3}.AppStore|ARM.Build.0 = Release|Any CPU
		{4CD194C3-E2C5-401B-975A-735381A1B1C3}.AppStore|ARM.Deploy.0 = Release|Any CPU
		{4CD194C3-E2C5-401B-975A-735381A1B1C3}.AppStore|iPhone.ActiveCfg = Release|Any CPU
		{4CD194C3-E2C5-401B-975A-735381A1B1C3}.AppStore|iPhone.Build.0 = Release|Any CPU
		{4CD194C3-E2C5-401B-975A-735381A1B1C3}.AppStore|iPhone.Deploy.0 = Release|Any CPU
		{4CD194C3-E2C5-401B-975A-735381A1B1C3}.AppStore|iPhoneSimulator.ActiveCfg = Release|Any CPU
		{4CD194C3-E2C5-401B-975A-735381A1B1C3}.AppStore|iPhoneSimulator.Build.0 = Release|Any CPU
		{4CD194C3-E2C5-401B-975A-735381A1B1C3}.AppStore|iPhoneSimulator.Deploy.0 = Release|Any CPU
		{4CD194C3-E2C5-401B-975A-735381A1B1C3}.AppStore|x64.ActiveCfg = Release|Any CPU
		{4CD194C3-E2C5-401B-975A-735381A1B1C3}.AppStore|x64.Build.0 = Release|Any CPU
		{4CD194C3-E2C5-401B-975A-735381A1B1C3}.AppStore|x64.Deploy.0 = Release|Any CPU
		{4CD194C3-E2C5-401B-975A-735381A1B1C3}.AppStore|x86.ActiveCfg = Release|Any CPU
		{4CD194C3-E2C5-401B-975A-735381A1B1C3}.AppStore|x86.Build.0 = Release|Any CPU
		{4CD194C3-E2C5-401B-975A-735381A1B1C3}.AppStore|x86.Deploy.0 = Release|Any CPU
		{4CD194C3-E2C5-401B-975A-735381A1B1C3}.Debug|Any CPU.ActiveCfg = Debug|Any CPU
		{4CD194C3-E2C5-401B-975A-735381A1B1C3}.Debug|Any CPU.Build.0 = Debug|Any CPU
		{4CD194C3-E2C5-401B-975A-735381A1B1C3}.Debug|Any CPU.Deploy.0 = Debug|Any CPU
		{4CD194C3-E2C5-401B-975A-735381A1B1C3}.Debug|ARM.ActiveCfg = Debug|Any CPU
		{4CD194C3-E2C5-401B-975A-735381A1B1C3}.Debug|ARM.Build.0 = Debug|Any CPU
		{4CD194C3-E2C5-401B-975A-735381A1B1C3}.Debug|ARM.Deploy.0 = Debug|Any CPU
		{4CD194C3-E2C5-401B-975A-735381A1B1C3}.Debug|iPhone.ActiveCfg = Debug|Any CPU
		{4CD194C3-E2C5-401B-975A-735381A1B1C3}.Debug|iPhone.Build.0 = Debug|Any CPU
		{4CD194C3-E2C5-401B-975A-735381A1B1C3}.Debug|iPhone.Deploy.0 = Debug|Any CPU
		{4CD194C3-E2C5-401B-975A-735381A1B1C3}.Debug|iPhoneSimulator.ActiveCfg = Debug|Any CPU
		{4CD194C3-E2C5-401B-975A-735381A1B1C3}.Debug|iPhoneSimulator.Build.0 = Debug|Any CPU
		{4CD194C3-E2C5-401B-975A-735381A1B1C3}.Debug|iPhoneSimulator.Deploy.0 = Debug|Any CPU
		{4CD194C3-E2C5-401B-975A-735381A1B1C3}.Debug|x64.ActiveCfg = Debug|Any CPU
		{4CD194C3-E2C5-401B-975A-735381A1B1C3}.Debug|x64.Build.0 = Debug|Any CPU
		{4CD194C3-E2C5-401B-975A-735381A1B1C3}.Debug|x64.Deploy.0 = Debug|Any CPU
		{4CD194C3-E2C5-401B-975A-735381A1B1C3}.Debug|x86.ActiveCfg = Debug|Any CPU
		{4CD194C3-E2C5-401B-975A-735381A1B1C3}.Debug|x86.Build.0 = Debug|Any CPU
		{4CD194C3-E2C5-401B-975A-735381A1B1C3}.Debug|x86.Deploy.0 = Debug|Any CPU
		{4CD194C3-E2C5-401B-975A-735381A1B1C3}.Release|Any CPU.ActiveCfg = Release|Any CPU
		{4CD194C3-E2C5-401B-975A-735381A1B1C3}.Release|Any CPU.Build.0 = Release|Any CPU
		{4CD194C3-E2C5-401B-975A-735381A1B1C3}.Release|Any CPU.Deploy.0 = Release|Any CPU
		{4CD194C3-E2C5-401B-975A-735381A1B1C3}.Release|ARM.ActiveCfg = Release|Any CPU
		{4CD194C3-E2C5-401B-975A-735381A1B1C3}.Release|ARM.Build.0 = Release|Any CPU
		{4CD194C3-E2C5-401B-975A-735381A1B1C3}.Release|ARM.Deploy.0 = Release|Any CPU
		{4CD194C3-E2C5-401B-975A-735381A1B1C3}.Release|iPhone.ActiveCfg = Release|Any CPU
		{4CD194C3-E2C5-401B-975A-735381A1B1C3}.Release|iPhone.Build.0 = Release|Any CPU
		{4CD194C3-E2C5-401B-975A-735381A1B1C3}.Release|iPhone.Deploy.0 = Release|Any CPU
		{4CD194C3-E2C5-401B-975A-735381A1B1C3}.Release|iPhoneSimulator.ActiveCfg = Release|Any CPU
		{4CD194C3-E2C5-401B-975A-735381A1B1C3}.Release|iPhoneSimulator.Build.0 = Release|Any CPU
		{4CD194C3-E2C5-401B-975A-735381A1B1C3}.Release|iPhoneSimulator.Deploy.0 = Release|Any CPU
		{4CD194C3-E2C5-401B-975A-735381A1B1C3}.Release|x64.ActiveCfg = Release|Any CPU
		{4CD194C3-E2C5-401B-975A-735381A1B1C3}.Release|x64.Build.0 = Release|Any CPU
		{4CD194C3-E2C5-401B-975A-735381A1B1C3}.Release|x64.Deploy.0 = Release|Any CPU
		{4CD194C3-E2C5-401B-975A-735381A1B1C3}.Release|x86.ActiveCfg = Release|Any CPU
		{4CD194C3-E2C5-401B-975A-735381A1B1C3}.Release|x86.Build.0 = Release|Any CPU
		{4CD194C3-E2C5-401B-975A-735381A1B1C3}.Release|x86.Deploy.0 = Release|Any CPU
		{274D52B8-5FF4-4E55-8806-0D6CE16B9541}.Ad-Hoc|Any CPU.ActiveCfg = Ad-Hoc|iPhone
		{274D52B8-5FF4-4E55-8806-0D6CE16B9541}.Ad-Hoc|ARM.ActiveCfg = Ad-Hoc|iPhone
		{274D52B8-5FF4-4E55-8806-0D6CE16B9541}.Ad-Hoc|iPhone.ActiveCfg = Ad-Hoc|iPhone
		{274D52B8-5FF4-4E55-8806-0D6CE16B9541}.Ad-Hoc|iPhone.Build.0 = Ad-Hoc|iPhone
		{274D52B8-5FF4-4E55-8806-0D6CE16B9541}.Ad-Hoc|iPhoneSimulator.ActiveCfg = Ad-Hoc|iPhoneSimulator
		{274D52B8-5FF4-4E55-8806-0D6CE16B9541}.Ad-Hoc|iPhoneSimulator.Build.0 = Ad-Hoc|iPhoneSimulator
		{274D52B8-5FF4-4E55-8806-0D6CE16B9541}.Ad-Hoc|x64.ActiveCfg = Ad-Hoc|iPhone
		{274D52B8-5FF4-4E55-8806-0D6CE16B9541}.Ad-Hoc|x86.ActiveCfg = Ad-Hoc|iPhone
		{274D52B8-5FF4-4E55-8806-0D6CE16B9541}.AppStore|Any CPU.ActiveCfg = AppStore|iPhone
		{274D52B8-5FF4-4E55-8806-0D6CE16B9541}.AppStore|ARM.ActiveCfg = AppStore|iPhone
		{274D52B8-5FF4-4E55-8806-0D6CE16B9541}.AppStore|iPhone.ActiveCfg = AppStore|iPhone
		{274D52B8-5FF4-4E55-8806-0D6CE16B9541}.AppStore|iPhone.Build.0 = AppStore|iPhone
		{274D52B8-5FF4-4E55-8806-0D6CE16B9541}.AppStore|iPhoneSimulator.ActiveCfg = AppStore|iPhoneSimulator
		{274D52B8-5FF4-4E55-8806-0D6CE16B9541}.AppStore|iPhoneSimulator.Build.0 = AppStore|iPhoneSimulator
		{274D52B8-5FF4-4E55-8806-0D6CE16B9541}.AppStore|x64.ActiveCfg = AppStore|iPhone
		{274D52B8-5FF4-4E55-8806-0D6CE16B9541}.AppStore|x86.ActiveCfg = AppStore|iPhone
		{274D52B8-5FF4-4E55-8806-0D6CE16B9541}.Debug|Any CPU.ActiveCfg = Debug|iPhone
		{274D52B8-5FF4-4E55-8806-0D6CE16B9541}.Debug|ARM.ActiveCfg = Debug|iPhone
		{274D52B8-5FF4-4E55-8806-0D6CE16B9541}.Debug|iPhone.ActiveCfg = Debug|iPhone
		{274D52B8-5FF4-4E55-8806-0D6CE16B9541}.Debug|iPhone.Build.0 = Debug|iPhone
		{274D52B8-5FF4-4E55-8806-0D6CE16B9541}.Debug|iPhoneSimulator.ActiveCfg = Debug|iPhoneSimulator
		{274D52B8-5FF4-4E55-8806-0D6CE16B9541}.Debug|iPhoneSimulator.Build.0 = Debug|iPhoneSimulator
		{274D52B8-5FF4-4E55-8806-0D6CE16B9541}.Debug|x64.ActiveCfg = Debug|iPhone
		{274D52B8-5FF4-4E55-8806-0D6CE16B9541}.Debug|x86.ActiveCfg = Debug|iPhone
		{274D52B8-5FF4-4E55-8806-0D6CE16B9541}.Release|Any CPU.ActiveCfg = Release|iPhone
		{274D52B8-5FF4-4E55-8806-0D6CE16B9541}.Release|ARM.ActiveCfg = Release|iPhone
		{274D52B8-5FF4-4E55-8806-0D6CE16B9541}.Release|iPhone.ActiveCfg = Release|iPhone
		{274D52B8-5FF4-4E55-8806-0D6CE16B9541}.Release|iPhone.Build.0 = Release|iPhone
		{274D52B8-5FF4-4E55-8806-0D6CE16B9541}.Release|iPhoneSimulator.ActiveCfg = Release|iPhoneSimulator
		{274D52B8-5FF4-4E55-8806-0D6CE16B9541}.Release|iPhoneSimulator.Build.0 = Release|iPhoneSimulator
		{274D52B8-5FF4-4E55-8806-0D6CE16B9541}.Release|x64.ActiveCfg = Release|iPhone
		{274D52B8-5FF4-4E55-8806-0D6CE16B9541}.Release|x86.ActiveCfg = Release|iPhone
		{61B24CBF-C3A1-44C6-98D8-6BB335307B04}.Ad-Hoc|Any CPU.ActiveCfg = Release|Any CPU
		{61B24CBF-C3A1-44C6-98D8-6BB335307B04}.Ad-Hoc|Any CPU.Build.0 = Release|Any CPU
		{61B24CBF-C3A1-44C6-98D8-6BB335307B04}.Ad-Hoc|Any CPU.Deploy.0 = Release|Any CPU
		{61B24CBF-C3A1-44C6-98D8-6BB335307B04}.Ad-Hoc|ARM.ActiveCfg = Release|ARM
		{61B24CBF-C3A1-44C6-98D8-6BB335307B04}.Ad-Hoc|ARM.Build.0 = Release|ARM
		{61B24CBF-C3A1-44C6-98D8-6BB335307B04}.Ad-Hoc|ARM.Deploy.0 = Release|ARM
		{61B24CBF-C3A1-44C6-98D8-6BB335307B04}.Ad-Hoc|iPhone.ActiveCfg = Release|Any CPU
		{61B24CBF-C3A1-44C6-98D8-6BB335307B04}.Ad-Hoc|iPhone.Build.0 = Release|Any CPU
		{61B24CBF-C3A1-44C6-98D8-6BB335307B04}.Ad-Hoc|iPhone.Deploy.0 = Release|Any CPU
		{61B24CBF-C3A1-44C6-98D8-6BB335307B04}.Ad-Hoc|iPhoneSimulator.ActiveCfg = Release|Any CPU
		{61B24CBF-C3A1-44C6-98D8-6BB335307B04}.Ad-Hoc|iPhoneSimulator.Build.0 = Release|Any CPU
		{61B24CBF-C3A1-44C6-98D8-6BB335307B04}.Ad-Hoc|iPhoneSimulator.Deploy.0 = Release|Any CPU
		{61B24CBF-C3A1-44C6-98D8-6BB335307B04}.Ad-Hoc|x64.ActiveCfg = Release|Any CPU
		{61B24CBF-C3A1-44C6-98D8-6BB335307B04}.Ad-Hoc|x64.Build.0 = Release|Any CPU
		{61B24CBF-C3A1-44C6-98D8-6BB335307B04}.Ad-Hoc|x64.Deploy.0 = Release|Any CPU
		{61B24CBF-C3A1-44C6-98D8-6BB335307B04}.Ad-Hoc|x86.ActiveCfg = Release|x86
		{61B24CBF-C3A1-44C6-98D8-6BB335307B04}.Ad-Hoc|x86.Build.0 = Release|x86
		{61B24CBF-C3A1-44C6-98D8-6BB335307B04}.Ad-Hoc|x86.Deploy.0 = Release|x86
		{61B24CBF-C3A1-44C6-98D8-6BB335307B04}.AppStore|Any CPU.ActiveCfg = Release|Any CPU
		{61B24CBF-C3A1-44C6-98D8-6BB335307B04}.AppStore|Any CPU.Build.0 = Release|Any CPU
		{61B24CBF-C3A1-44C6-98D8-6BB335307B04}.AppStore|Any CPU.Deploy.0 = Release|Any CPU
		{61B24CBF-C3A1-44C6-98D8-6BB335307B04}.AppStore|ARM.ActiveCfg = Release|ARM
		{61B24CBF-C3A1-44C6-98D8-6BB335307B04}.AppStore|ARM.Build.0 = Release|ARM
		{61B24CBF-C3A1-44C6-98D8-6BB335307B04}.AppStore|ARM.Deploy.0 = Release|ARM
		{61B24CBF-C3A1-44C6-98D8-6BB335307B04}.AppStore|iPhone.ActiveCfg = Release|Any CPU
		{61B24CBF-C3A1-44C6-98D8-6BB335307B04}.AppStore|iPhone.Build.0 = Release|Any CPU
		{61B24CBF-C3A1-44C6-98D8-6BB335307B04}.AppStore|iPhone.Deploy.0 = Release|Any CPU
		{61B24CBF-C3A1-44C6-98D8-6BB335307B04}.AppStore|iPhoneSimulator.ActiveCfg = Release|Any CPU
		{61B24CBF-C3A1-44C6-98D8-6BB335307B04}.AppStore|iPhoneSimulator.Build.0 = Release|Any CPU
		{61B24CBF-C3A1-44C6-98D8-6BB335307B04}.AppStore|iPhoneSimulator.Deploy.0 = Release|Any CPU
		{61B24CBF-C3A1-44C6-98D8-6BB335307B04}.AppStore|x64.ActiveCfg = Release|Any CPU
		{61B24CBF-C3A1-44C6-98D8-6BB335307B04}.AppStore|x64.Build.0 = Release|Any CPU
		{61B24CBF-C3A1-44C6-98D8-6BB335307B04}.AppStore|x64.Deploy.0 = Release|Any CPU
		{61B24CBF-C3A1-44C6-98D8-6BB335307B04}.AppStore|x86.ActiveCfg = Release|x86
		{61B24CBF-C3A1-44C6-98D8-6BB335307B04}.AppStore|x86.Build.0 = Release|x86
		{61B24CBF-C3A1-44C6-98D8-6BB335307B04}.AppStore|x86.Deploy.0 = Release|x86
		{61B24CBF-C3A1-44C6-98D8-6BB335307B04}.Debug|Any CPU.ActiveCfg = Debug|Any CPU
		{61B24CBF-C3A1-44C6-98D8-6BB335307B04}.Debug|Any CPU.Build.0 = Debug|Any CPU
		{61B24CBF-C3A1-44C6-98D8-6BB335307B04}.Debug|Any CPU.Deploy.0 = Debug|Any CPU
		{61B24CBF-C3A1-44C6-98D8-6BB335307B04}.Debug|ARM.ActiveCfg = Debug|ARM
		{61B24CBF-C3A1-44C6-98D8-6BB335307B04}.Debug|ARM.Build.0 = Debug|ARM
		{61B24CBF-C3A1-44C6-98D8-6BB335307B04}.Debug|ARM.Deploy.0 = Debug|ARM
		{61B24CBF-C3A1-44C6-98D8-6BB335307B04}.Debug|iPhone.ActiveCfg = Debug|Any CPU
		{61B24CBF-C3A1-44C6-98D8-6BB335307B04}.Debug|iPhone.Build.0 = Debug|Any CPU
		{61B24CBF-C3A1-44C6-98D8-6BB335307B04}.Debug|iPhone.Deploy.0 = Debug|Any CPU
		{61B24CBF-C3A1-44C6-98D8-6BB335307B04}.Debug|iPhoneSimulator.ActiveCfg = Debug|Any CPU
		{61B24CBF-C3A1-44C6-98D8-6BB335307B04}.Debug|iPhoneSimulator.Build.0 = Debug|Any CPU
		{61B24CBF-C3A1-44C6-98D8-6BB335307B04}.Debug|iPhoneSimulator.Deploy.0 = Debug|Any CPU
		{61B24CBF-C3A1-44C6-98D8-6BB335307B04}.Debug|x64.ActiveCfg = Debug|Any CPU
		{61B24CBF-C3A1-44C6-98D8-6BB335307B04}.Debug|x64.Build.0 = Debug|Any CPU
		{61B24CBF-C3A1-44C6-98D8-6BB335307B04}.Debug|x64.Deploy.0 = Debug|Any CPU
		{61B24CBF-C3A1-44C6-98D8-6BB335307B04}.Debug|x86.ActiveCfg = Debug|x86
		{61B24CBF-C3A1-44C6-98D8-6BB335307B04}.Debug|x86.Build.0 = Debug|x86
		{61B24CBF-C3A1-44C6-98D8-6BB335307B04}.Debug|x86.Deploy.0 = Debug|x86
		{61B24CBF-C3A1-44C6-98D8-6BB335307B04}.Release|Any CPU.ActiveCfg = Release|Any CPU
		{61B24CBF-C3A1-44C6-98D8-6BB335307B04}.Release|Any CPU.Build.0 = Release|Any CPU
		{61B24CBF-C3A1-44C6-98D8-6BB335307B04}.Release|Any CPU.Deploy.0 = Release|Any CPU
		{61B24CBF-C3A1-44C6-98D8-6BB335307B04}.Release|ARM.ActiveCfg = Release|ARM
		{61B24CBF-C3A1-44C6-98D8-6BB335307B04}.Release|ARM.Build.0 = Release|ARM
		{61B24CBF-C3A1-44C6-98D8-6BB335307B04}.Release|ARM.Deploy.0 = Release|ARM
		{61B24CBF-C3A1-44C6-98D8-6BB335307B04}.Release|iPhone.ActiveCfg = Release|Any CPU
		{61B24CBF-C3A1-44C6-98D8-6BB335307B04}.Release|iPhone.Build.0 = Release|Any CPU
		{61B24CBF-C3A1-44C6-98D8-6BB335307B04}.Release|iPhone.Deploy.0 = Release|Any CPU
		{61B24CBF-C3A1-44C6-98D8-6BB335307B04}.Release|iPhoneSimulator.ActiveCfg = Release|Any CPU
		{61B24CBF-C3A1-44C6-98D8-6BB335307B04}.Release|iPhoneSimulator.Build.0 = Release|Any CPU
		{61B24CBF-C3A1-44C6-98D8-6BB335307B04}.Release|iPhoneSimulator.Deploy.0 = Release|Any CPU
		{61B24CBF-C3A1-44C6-98D8-6BB335307B04}.Release|x64.ActiveCfg = Release|Any CPU
		{61B24CBF-C3A1-44C6-98D8-6BB335307B04}.Release|x64.Build.0 = Release|Any CPU
		{61B24CBF-C3A1-44C6-98D8-6BB335307B04}.Release|x64.Deploy.0 = Release|Any CPU
		{61B24CBF-C3A1-44C6-98D8-6BB335307B04}.Release|x86.ActiveCfg = Release|x86
		{61B24CBF-C3A1-44C6-98D8-6BB335307B04}.Release|x86.Build.0 = Release|x86
		{61B24CBF-C3A1-44C6-98D8-6BB335307B04}.Release|x86.Deploy.0 = Release|x86
		{925FDE76-2145-4A95-993F-ED34AB78DE3B}.Ad-Hoc|Any CPU.ActiveCfg = Release|Any CPU
		{925FDE76-2145-4A95-993F-ED34AB78DE3B}.Ad-Hoc|Any CPU.Build.0 = Release|Any CPU
		{925FDE76-2145-4A95-993F-ED34AB78DE3B}.Ad-Hoc|Any CPU.Deploy.0 = Release|Any CPU
		{925FDE76-2145-4A95-993F-ED34AB78DE3B}.Ad-Hoc|ARM.ActiveCfg = Release|ARM
		{925FDE76-2145-4A95-993F-ED34AB78DE3B}.Ad-Hoc|ARM.Build.0 = Release|ARM
		{925FDE76-2145-4A95-993F-ED34AB78DE3B}.Ad-Hoc|ARM.Deploy.0 = Release|ARM
		{925FDE76-2145-4A95-993F-ED34AB78DE3B}.Ad-Hoc|iPhone.ActiveCfg = Release|Any CPU
		{925FDE76-2145-4A95-993F-ED34AB78DE3B}.Ad-Hoc|iPhone.Build.0 = Release|Any CPU
		{925FDE76-2145-4A95-993F-ED34AB78DE3B}.Ad-Hoc|iPhone.Deploy.0 = Release|Any CPU
		{925FDE76-2145-4A95-993F-ED34AB78DE3B}.Ad-Hoc|iPhoneSimulator.ActiveCfg = Release|Any CPU
		{925FDE76-2145-4A95-993F-ED34AB78DE3B}.Ad-Hoc|iPhoneSimulator.Build.0 = Release|Any CPU
		{925FDE76-2145-4A95-993F-ED34AB78DE3B}.Ad-Hoc|iPhoneSimulator.Deploy.0 = Release|Any CPU
		{925FDE76-2145-4A95-993F-ED34AB78DE3B}.Ad-Hoc|x64.ActiveCfg = Release|x64
		{925FDE76-2145-4A95-993F-ED34AB78DE3B}.Ad-Hoc|x64.Build.0 = Release|x64
		{925FDE76-2145-4A95-993F-ED34AB78DE3B}.Ad-Hoc|x64.Deploy.0 = Release|x64
		{925FDE76-2145-4A95-993F-ED34AB78DE3B}.Ad-Hoc|x86.ActiveCfg = Release|x86
		{925FDE76-2145-4A95-993F-ED34AB78DE3B}.Ad-Hoc|x86.Build.0 = Release|x86
		{925FDE76-2145-4A95-993F-ED34AB78DE3B}.Ad-Hoc|x86.Deploy.0 = Release|x86
		{925FDE76-2145-4A95-993F-ED34AB78DE3B}.AppStore|Any CPU.ActiveCfg = Release|Any CPU
		{925FDE76-2145-4A95-993F-ED34AB78DE3B}.AppStore|Any CPU.Build.0 = Release|Any CPU
		{925FDE76-2145-4A95-993F-ED34AB78DE3B}.AppStore|Any CPU.Deploy.0 = Release|Any CPU
		{925FDE76-2145-4A95-993F-ED34AB78DE3B}.AppStore|ARM.ActiveCfg = Release|ARM
		{925FDE76-2145-4A95-993F-ED34AB78DE3B}.AppStore|ARM.Build.0 = Release|ARM
		{925FDE76-2145-4A95-993F-ED34AB78DE3B}.AppStore|ARM.Deploy.0 = Release|ARM
		{925FDE76-2145-4A95-993F-ED34AB78DE3B}.AppStore|iPhone.ActiveCfg = Release|Any CPU
		{925FDE76-2145-4A95-993F-ED34AB78DE3B}.AppStore|iPhone.Build.0 = Release|Any CPU
		{925FDE76-2145-4A95-993F-ED34AB78DE3B}.AppStore|iPhone.Deploy.0 = Release|Any CPU
		{925FDE76-2145-4A95-993F-ED34AB78DE3B}.AppStore|iPhoneSimulator.ActiveCfg = Release|Any CPU
		{925FDE76-2145-4A95-993F-ED34AB78DE3B}.AppStore|iPhoneSimulator.Build.0 = Release|Any CPU
		{925FDE76-2145-4A95-993F-ED34AB78DE3B}.AppStore|iPhoneSimulator.Deploy.0 = Release|Any CPU
		{925FDE76-2145-4A95-993F-ED34AB78DE3B}.AppStore|x64.ActiveCfg = Release|x64
		{925FDE76-2145-4A95-993F-ED34AB78DE3B}.AppStore|x64.Build.0 = Release|x64
		{925FDE76-2145-4A95-993F-ED34AB78DE3B}.AppStore|x64.Deploy.0 = Release|x64
		{925FDE76-2145-4A95-993F-ED34AB78DE3B}.AppStore|x86.ActiveCfg = Release|x86
		{925FDE76-2145-4A95-993F-ED34AB78DE3B}.AppStore|x86.Build.0 = Release|x86
		{925FDE76-2145-4A95-993F-ED34AB78DE3B}.AppStore|x86.Deploy.0 = Release|x86
		{925FDE76-2145-4A95-993F-ED34AB78DE3B}.Debug|Any CPU.ActiveCfg = Debug|Any CPU
		{925FDE76-2145-4A95-993F-ED34AB78DE3B}.Debug|Any CPU.Build.0 = Debug|Any CPU
		{925FDE76-2145-4A95-993F-ED34AB78DE3B}.Debug|Any CPU.Deploy.0 = Debug|Any CPU
		{925FDE76-2145-4A95-993F-ED34AB78DE3B}.Debug|ARM.ActiveCfg = Debug|ARM
		{925FDE76-2145-4A95-993F-ED34AB78DE3B}.Debug|ARM.Build.0 = Debug|ARM
		{925FDE76-2145-4A95-993F-ED34AB78DE3B}.Debug|ARM.Deploy.0 = Debug|ARM
		{925FDE76-2145-4A95-993F-ED34AB78DE3B}.Debug|iPhone.ActiveCfg = Debug|Any CPU
		{925FDE76-2145-4A95-993F-ED34AB78DE3B}.Debug|iPhone.Build.0 = Debug|Any CPU
		{925FDE76-2145-4A95-993F-ED34AB78DE3B}.Debug|iPhone.Deploy.0 = Debug|Any CPU
		{925FDE76-2145-4A95-993F-ED34AB78DE3B}.Debug|iPhoneSimulator.ActiveCfg = Debug|Any CPU
		{925FDE76-2145-4A95-993F-ED34AB78DE3B}.Debug|iPhoneSimulator.Build.0 = Debug|Any CPU
		{925FDE76-2145-4A95-993F-ED34AB78DE3B}.Debug|iPhoneSimulator.Deploy.0 = Debug|Any CPU
		{925FDE76-2145-4A95-993F-ED34AB78DE3B}.Debug|x64.ActiveCfg = Debug|x64
		{925FDE76-2145-4A95-993F-ED34AB78DE3B}.Debug|x64.Build.0 = Debug|x64
		{925FDE76-2145-4A95-993F-ED34AB78DE3B}.Debug|x64.Deploy.0 = Debug|x64
		{925FDE76-2145-4A95-993F-ED34AB78DE3B}.Debug|x86.ActiveCfg = Debug|x86
		{925FDE76-2145-4A95-993F-ED34AB78DE3B}.Debug|x86.Build.0 = Debug|x86
		{925FDE76-2145-4A95-993F-ED34AB78DE3B}.Debug|x86.Deploy.0 = Debug|x86
		{925FDE76-2145-4A95-993F-ED34AB78DE3B}.Release|Any CPU.ActiveCfg = Release|Any CPU
		{925FDE76-2145-4A95-993F-ED34AB78DE3B}.Release|Any CPU.Build.0 = Release|Any CPU
		{925FDE76-2145-4A95-993F-ED34AB78DE3B}.Release|Any CPU.Deploy.0 = Release|Any CPU
		{925FDE76-2145-4A95-993F-ED34AB78DE3B}.Release|ARM.ActiveCfg = Release|ARM
		{925FDE76-2145-4A95-993F-ED34AB78DE3B}.Release|ARM.Build.0 = Release|ARM
		{925FDE76-2145-4A95-993F-ED34AB78DE3B}.Release|ARM.Deploy.0 = Release|ARM
		{925FDE76-2145-4A95-993F-ED34AB78DE3B}.Release|iPhone.ActiveCfg = Release|Any CPU
		{925FDE76-2145-4A95-993F-ED34AB78DE3B}.Release|iPhone.Build.0 = Release|Any CPU
		{925FDE76-2145-4A95-993F-ED34AB78DE3B}.Release|iPhone.Deploy.0 = Release|Any CPU
		{925FDE76-2145-4A95-993F-ED34AB78DE3B}.Release|iPhoneSimulator.ActiveCfg = Release|Any CPU
		{925FDE76-2145-4A95-993F-ED34AB78DE3B}.Release|iPhoneSimulator.Build.0 = Release|Any CPU
		{925FDE76-2145-4A95-993F-ED34AB78DE3B}.Release|iPhoneSimulator.Deploy.0 = Release|Any CPU
		{925FDE76-2145-4A95-993F-ED34AB78DE3B}.Release|x64.ActiveCfg = Release|x64
		{925FDE76-2145-4A95-993F-ED34AB78DE3B}.Release|x64.Build.0 = Release|x64
		{925FDE76-2145-4A95-993F-ED34AB78DE3B}.Release|x64.Deploy.0 = Release|x64
		{925FDE76-2145-4A95-993F-ED34AB78DE3B}.Release|x86.ActiveCfg = Release|x86
		{925FDE76-2145-4A95-993F-ED34AB78DE3B}.Release|x86.Build.0 = Release|x86
		{925FDE76-2145-4A95-993F-ED34AB78DE3B}.Release|x86.Deploy.0 = Release|x86
	EndGlobalSection
	GlobalSection(SolutionProperties) = preSolution
		HideSolutionNode = FALSE
	EndGlobalSection
EndGlobal
