
Microsoft Visual Studio Solution File, Format Version 12.00
# Visual Studio 14
VisualStudioVersion = 14.0.25420.1
MinimumVisualStudioVersion = 10.0.40219.1
Project("{FAE04EC0-301F-11D3-BF4B-00C04F79EFBC}") = "RendererTest.Droid", "RendererTest\RendererTest.Droid\RendererTest.Droid.csproj", "{FB9FC769-ADE5-4994-91C9-EC28302B8D5D}"
EndProject
Project("{FAE04EC0-301F-11D3-BF4B-00C04F79EFBC}") = "RendererTest.iOS", "RendererTest\RendererTest.iOS\RendererTest.iOS.csproj", "{2A470560-51C9-4BF6-94BE-9E01E3B50845}"
EndProject
Project("{FAE04EC0-301F-11D3-BF4B-00C04F79EFBC}") = "RendererTest", "RendererTest\RendererTest\RendererTest.csproj", "{B7BC319B-CD17-41BE-8D5F-A5E1B58ED40A}"
EndProject
Global
	GlobalSection(SolutionConfigurationPlatforms) = preSolution
		Ad-Hoc|Any CPU = Ad-Hoc|Any CPU
		Ad-Hoc|iPhone = Ad-Hoc|iPhone
		Ad-Hoc|iPhoneSimulator = Ad-Hoc|iPhoneSimulator
		AppStore|Any CPU = AppStore|Any CPU
		AppStore|iPhone = AppStore|iPhone
		AppStore|iPhoneSimulator = AppStore|iPhoneSimulator
		Debug|Any CPU = Debug|Any CPU
		Debug|iPhone = Debug|iPhone
		Debug|iPhoneSimulator = Debug|iPhoneSimulator
		Release|Any CPU = Release|Any CPU
		Release|iPhone = Release|iPhone
		Release|iPhoneSimulator = Release|iPhoneSimulator
	EndGlobalSection
	GlobalSection(ProjectConfigurationPlatforms) = postSolution
		{FB9FC769-ADE5-4994-91C9-EC28302B8D5D}.Ad-Hoc|Any CPU.ActiveCfg = Release|Any CPU
		{FB9FC769-ADE5-4994-91C9-EC28302B8D5D}.Ad-Hoc|Any CPU.Build.0 = Release|Any CPU
		{FB9FC769-ADE5-4994-91C9-EC28302B8D5D}.Ad-Hoc|Any CPU.Deploy.0 = Release|Any CPU
		{FB9FC769-ADE5-4994-91C9-EC28302B8D5D}.Ad-Hoc|iPhone.ActiveCfg = Release|Any CPU
		{FB9FC769-ADE5-4994-91C9-EC28302B8D5D}.Ad-Hoc|iPhone.Build.0 = Release|Any CPU
		{FB9FC769-ADE5-4994-91C9-EC28302B8D5D}.Ad-Hoc|iPhone.Deploy.0 = Release|Any CPU
		{FB9FC769-ADE5-4994-91C9-EC28302B8D5D}.Ad-Hoc|iPhoneSimulator.ActiveCfg = Release|Any CPU
		{FB9FC769-ADE5-4994-91C9-EC28302B8D5D}.Ad-Hoc|iPhoneSimulator.Build.0 = Release|Any CPU
		{FB9FC769-ADE5-4994-91C9-EC28302B8D5D}.Ad-Hoc|iPhoneSimulator.Deploy.0 = Release|Any CPU
		{FB9FC769-ADE5-4994-91C9-EC28302B8D5D}.AppStore|Any CPU.ActiveCfg = Release|Any CPU
		{FB9FC769-ADE5-4994-91C9-EC28302B8D5D}.AppStore|Any CPU.Build.0 = Release|Any CPU
		{FB9FC769-ADE5-4994-91C9-EC28302B8D5D}.AppStore|Any CPU.Deploy.0 = Release|Any CPU
		{FB9FC769-ADE5-4994-91C9-EC28302B8D5D}.AppStore|iPhone.ActiveCfg = Release|Any CPU
		{FB9FC769-ADE5-4994-91C9-EC28302B8D5D}.AppStore|iPhone.Build.0 = Release|Any CPU
		{FB9FC769-ADE5-4994-91C9-EC28302B8D5D}.AppStore|iPhone.Deploy.0 = Release|Any CPU
		{FB9FC769-ADE5-4994-91C9-EC28302B8D5D}.AppStore|iPhoneSimulator.ActiveCfg = Release|Any CPU
		{FB9FC769-ADE5-4994-91C9-EC28302B8D5D}.AppStore|iPhoneSimulator.Build.0 = Release|Any CPU
		{FB9FC769-ADE5-4994-91C9-EC28302B8D5D}.AppStore|iPhoneSimulator.Deploy.0 = Release|Any CPU
		{FB9FC769-ADE5-4994-91C9-EC28302B8D5D}.Debug|Any CPU.ActiveCfg = Debug|Any CPU
		{FB9FC769-ADE5-4994-91C9-EC28302B8D5D}.Debug|Any CPU.Build.0 = Debug|Any CPU
		{FB9FC769-ADE5-4994-91C9-EC28302B8D5D}.Debug|Any CPU.Deploy.0 = Debug|Any CPU
		{FB9FC769-ADE5-4994-91C9-EC28302B8D5D}.Debug|iPhone.ActiveCfg = Debug|Any CPU
		{FB9FC769-ADE5-4994-91C9-EC28302B8D5D}.Debug|iPhone.Build.0 = Debug|Any CPU
		{FB9FC769-ADE5-4994-91C9-EC28302B8D5D}.Debug|iPhone.Deploy.0 = Debug|Any CPU
		{FB9FC769-ADE5-4994-91C9-EC28302B8D5D}.Debug|iPhoneSimulator.ActiveCfg = Debug|Any CPU
		{FB9FC769-ADE5-4994-91C9-EC28302B8D5D}.Debug|iPhoneSimulator.Build.0 = Debug|Any CPU
		{FB9FC769-ADE5-4994-91C9-EC28302B8D5D}.Debug|iPhoneSimulator.Deploy.0 = Debug|Any CPU
		{FB9FC769-ADE5-4994-91C9-EC28302B8D5D}.Release|Any CPU.ActiveCfg = Release|Any CPU
		{FB9FC769-ADE5-4994-91C9-EC28302B8D5D}.Release|Any CPU.Build.0 = Release|Any CPU
		{FB9FC769-ADE5-4994-91C9-EC28302B8D5D}.Release|Any CPU.Deploy.0 = Release|Any CPU
		{FB9FC769-ADE5-4994-91C9-EC28302B8D5D}.Release|iPhone.ActiveCfg = Release|Any CPU
		{FB9FC769-ADE5-4994-91C9-EC28302B8D5D}.Release|iPhone.Build.0 = Release|Any CPU
		{FB9FC769-ADE5-4994-91C9-EC28302B8D5D}.Release|iPhone.Deploy.0 = Release|Any CPU
		{FB9FC769-ADE5-4994-91C9-EC28302B8D5D}.Release|iPhoneSimulator.ActiveCfg = Release|Any CPU
		{FB9FC769-ADE5-4994-91C9-EC28302B8D5D}.Release|iPhoneSimulator.Build.0 = Release|Any CPU
		{FB9FC769-ADE5-4994-91C9-EC28302B8D5D}.Release|iPhoneSimulator.Deploy.0 = Release|Any CPU
		{2A470560-51C9-4BF6-94BE-9E01E3B50845}.Ad-Hoc|Any CPU.ActiveCfg = Ad-Hoc|iPhone
		{2A470560-51C9-4BF6-94BE-9E01E3B50845}.Ad-Hoc|iPhone.ActiveCfg = Ad-Hoc|iPhone
		{2A470560-51C9-4BF6-94BE-9E01E3B50845}.Ad-Hoc|iPhone.Build.0 = Ad-Hoc|iPhone
		{2A470560-51C9-4BF6-94BE-9E01E3B50845}.Ad-Hoc|iPhoneSimulator.ActiveCfg = Ad-Hoc|iPhoneSimulator
		{2A470560-51C9-4BF6-94BE-9E01E3B50845}.Ad-Hoc|iPhoneSimulator.Build.0 = Ad-Hoc|iPhoneSimulator
		{2A470560-51C9-4BF6-94BE-9E01E3B50845}.AppStore|Any CPU.ActiveCfg = AppStore|iPhone
		{2A470560-51C9-4BF6-94BE-9E01E3B50845}.AppStore|iPhone.ActiveCfg = AppStore|iPhone
		{2A470560-51C9-4BF6-94BE-9E01E3B50845}.AppStore|iPhone.Build.0 = AppStore|iPhone
		{2A470560-51C9-4BF6-94BE-9E01E3B50845}.AppStore|iPhoneSimulator.ActiveCfg = AppStore|iPhoneSimulator
		{2A470560-51C9-4BF6-94BE-9E01E3B50845}.AppStore|iPhoneSimulator.Build.0 = AppStore|iPhoneSimulator
		{2A470560-51C9-4BF6-94BE-9E01E3B50845}.Debug|Any CPU.ActiveCfg = Debug|iPhone
		{2A470560-51C9-4BF6-94BE-9E01E3B50845}.Debug|iPhone.ActiveCfg = Debug|iPhone
		{2A470560-51C9-4BF6-94BE-9E01E3B50845}.Debug|iPhone.Build.0 = Debug|iPhone
		{2A470560-51C9-4BF6-94BE-9E01E3B50845}.Debug|iPhoneSimulator.ActiveCfg = Debug|iPhoneSimulator
		{2A470560-51C9-4BF6-94BE-9E01E3B50845}.Debug|iPhoneSimulator.Build.0 = Debug|iPhoneSimulator
		{2A470560-51C9-4BF6-94BE-9E01E3B50845}.Release|Any CPU.ActiveCfg = Release|iPhone
		{2A470560-51C9-4BF6-94BE-9E01E3B50845}.Release|iPhone.ActiveCfg = Release|iPhone
		{2A470560-51C9-4BF6-94BE-9E01E3B50845}.Release|iPhone.Build.0 = Release|iPhone
		{2A470560-51C9-4BF6-94BE-9E01E3B50845}.Release|iPhoneSimulator.ActiveCfg = Release|iPhoneSimulator
		{2A470560-51C9-4BF6-94BE-9E01E3B50845}.Release|iPhoneSimulator.Build.0 = Release|iPhoneSimulator
		{B7BC319B-CD17-41BE-8D5F-A5E1B58ED40A}.Ad-Hoc|Any CPU.ActiveCfg = Release|Any CPU
		{B7BC319B-CD17-41BE-8D5F-A5E1B58ED40A}.Ad-Hoc|Any CPU.Build.0 = Release|Any CPU
		{B7BC319B-CD17-41BE-8D5F-A5E1B58ED40A}.Ad-Hoc|iPhone.ActiveCfg = Release|Any CPU
		{B7BC319B-CD17-41BE-8D5F-A5E1B58ED40A}.Ad-Hoc|iPhone.Build.0 = Release|Any CPU
		{B7BC319B-CD17-41BE-8D5F-A5E1B58ED40A}.Ad-Hoc|iPhoneSimulator.ActiveCfg = Release|Any CPU
		{B7BC319B-CD17-41BE-8D5F-A5E1B58ED40A}.Ad-Hoc|iPhoneSimulator.Build.0 = Release|Any CPU
		{B7BC319B-CD17-41BE-8D5F-A5E1B58ED40A}.AppStore|Any CPU.ActiveCfg = Release|Any CPU
		{B7BC319B-CD17-41BE-8D5F-A5E1B58ED40A}.AppStore|Any CPU.Build.0 = Release|Any CPU
		{B7BC319B-CD17-41BE-8D5F-A5E1B58ED40A}.AppStore|iPhone.ActiveCfg = Release|Any CPU
		{B7BC319B-CD17-41BE-8D5F-A5E1B58ED40A}.AppStore|iPhone.Build.0 = Release|Any CPU
		{B7BC319B-CD17-41BE-8D5F-A5E1B58ED40A}.AppStore|iPhoneSimulator.ActiveCfg = Release|Any CPU
		{B7BC319B-CD17-41BE-8D5F-A5E1B58ED40A}.AppStore|iPhoneSimulator.Build.0 = Release|Any CPU
		{B7BC319B-CD17-41BE-8D5F-A5E1B58ED40A}.Debug|Any CPU.ActiveCfg = Debug|Any CPU
		{B7BC319B-CD17-41BE-8D5F-A5E1B58ED40A}.Debug|Any CPU.Build.0 = Debug|Any CPU
		{B7BC319B-CD17-41BE-8D5F-A5E1B58ED40A}.Debug|iPhone.ActiveCfg = Debug|Any CPU
		{B7BC319B-CD17-41BE-8D5F-A5E1B58ED40A}.Debug|iPhone.Build.0 = Debug|Any CPU
		{B7BC319B-CD17-41BE-8D5F-A5E1B58ED40A}.Debug|iPhoneSimulator.ActiveCfg = Debug|Any CPU
		{B7BC319B-CD17-41BE-8D5F-A5E1B58ED40A}.Debug|iPhoneSimulator.Build.0 = Debug|Any CPU
		{B7BC319B-CD17-41BE-8D5F-A5E1B58ED40A}.Release|Any CPU.ActiveCfg = Release|Any CPU
		{B7BC319B-CD17-41BE-8D5F-A5E1B58ED40A}.Release|Any CPU.Build.0 = Release|Any CPU
		{B7BC319B-CD17-41BE-8D5F-A5E1B58ED40A}.Release|iPhone.ActiveCfg = Release|Any CPU
		{B7BC319B-CD17-41BE-8D5F-A5E1B58ED40A}.Release|iPhone.Build.0 = Release|Any CPU
		{B7BC319B-CD17-41BE-8D5F-A5E1B58ED40A}.Release|iPhoneSimulator.ActiveCfg = Release|Any CPU
		{B7BC319B-CD17-41BE-8D5F-A5E1B58ED40A}.Release|iPhoneSimulator.Build.0 = Release|Any CPU
	EndGlobalSection
	GlobalSection(SolutionProperties) = preSolution
		HideSolutionNode = FALSE
	EndGlobalSection
EndGlobal
